
Microsoft Visual Studio Solution File, Format Version 12.00
# Visual Studio Version 16
VisualStudioVersion = 16.0.30011.22
MinimumVisualStudioVersion = 10.0.40219.1
Project("{9A19103F-16F7-4668-BE54-9A1E7A4F7556}") = "Problems.Sandbox", "Sandbox\Problems.Sandbox.csproj", "{E124ADF8-529E-4F5E-9D0E-83A0DFEFFB93}"
EndProject
Project("{9A19103F-16F7-4668-BE54-9A1E7A4F7556}") = "Problems.Common", "Problems.Common\Problems.Common.csproj", "{B5B10C48-0EF6-489E-9277-C9AC9BF3FD63}"
EndProject
Global
	GlobalSection(SolutionConfigurationPlatforms) = preSolution
		Debug|Any CPU = Debug|Any CPU
		Release|Any CPU = Release|Any CPU
	EndGlobalSection
	GlobalSection(ProjectConfigurationPlatforms) = postSolution
		{E124ADF8-529E-4F5E-9D0E-83A0DFEFFB93}.Debug|Any CPU.ActiveCfg = Debug|Any CPU
		{E124ADF8-529E-4F5E-9D0E-83A0DFEFFB93}.Debug|Any CPU.Build.0 = Debug|Any CPU
		{E124ADF8-529E-4F5E-9D0E-83A0DFEFFB93}.Release|Any CPU.ActiveCfg = Release|Any CPU
		{E124ADF8-529E-4F5E-9D0E-83A0DFEFFB93}.Release|Any CPU.Build.0 = Release|Any CPU
		{B5B10C48-0EF6-489E-9277-C9AC9BF3FD63}.Debug|Any CPU.ActiveCfg = Debug|Any CPU
		{B5B10C48-0EF6-489E-9277-C9AC9BF3FD63}.Debug|Any CPU.Build.0 = Debug|Any CPU
		{B5B10C48-0EF6-489E-9277-C9AC9BF3FD63}.Release|Any CPU.ActiveCfg = Release|Any CPU
		{B5B10C48-0EF6-489E-9277-C9AC9BF3FD63}.Release|Any CPU.Build.0 = Release|Any CPU
	EndGlobalSection
	GlobalSection(SolutionProperties) = preSolution
		HideSolutionNode = FALSE
	EndGlobalSection
	GlobalSection(ExtensibilityGlobals) = postSolution
		SolutionGuid = {50A3387E-07C7-464A-94CA-42C5262171AF}
	EndGlobalSection
EndGlobal
