
Microsoft Visual Studio Solution File, Format Version 12.00
# Visual Studio Version 16
VisualStudioVersion = 16.0.30011.22
MinimumVisualStudioVersion = 10.0.40219.1
Project("{9A19103F-16F7-4668-BE54-9A1E7A4F7556}") = "InterviewQuestions", "InterviewQuestions\InterviewQuestions.csproj", "{41F0D17B-30C6-423F-9020-05EA1465C402}"
EndProject
Project("{9A19103F-16F7-4668-BE54-9A1E7A4F7556}") = "Architecture", "Architecture\Architecture.csproj", "{348B2FEF-84CC-47EA-A07E-DB3EE0891E8A}"
EndProject
Global
	GlobalSection(SolutionConfigurationPlatforms) = preSolution
		Debug|Any CPU = Debug|Any CPU
		Release|Any CPU = Release|Any CPU
	EndGlobalSection
	GlobalSection(ProjectConfigurationPlatforms) = postSolution
		{41F0D17B-30C6-423F-9020-05EA1465C402}.Debug|Any CPU.ActiveCfg = Debug|Any CPU
		{41F0D17B-30C6-423F-9020-05EA1465C402}.Debug|Any CPU.Build.0 = Debug|Any CPU
		{41F0D17B-30C6-423F-9020-05EA1465C402}.Release|Any CPU.ActiveCfg = Release|Any CPU
		{41F0D17B-30C6-423F-9020-05EA1465C402}.Release|Any CPU.Build.0 = Release|Any CPU
		{348B2FEF-84CC-47EA-A07E-DB3EE0891E8A}.Debug|Any CPU.ActiveCfg = Debug|Any CPU
		{348B2FEF-84CC-47EA-A07E-DB3EE0891E8A}.Debug|Any CPU.Build.0 = Debug|Any CPU
		{348B2FEF-84CC-47EA-A07E-DB3EE0891E8A}.Release|Any CPU.ActiveCfg = Release|Any CPU
		{348B2FEF-84CC-47EA-A07E-DB3EE0891E8A}.Release|Any CPU.Build.0 = Release|Any CPU
	EndGlobalSection
	GlobalSection(SolutionProperties) = preSolution
		HideSolutionNode = FALSE
	EndGlobalSection
	GlobalSection(ExtensibilityGlobals) = postSolution
		SolutionGuid = {50A3387E-07C7-464A-94CA-42C5262171AF}
	EndGlobalSection
EndGlobal
